// !$*UTF8*$!
{
	archiveVersion = 1;
	classes = {
	};
	objectVersion = 47;
	objects = {

/* Begin PBXBuildFile section */
		04ADFF821B6603C90044A6D3 /* AppDelegate.swift in Sources */ = {isa = PBXBuildFile; fileRef = 04ADFF811B6603C90044A6D3 /* AppDelegate.swift */; };
		04ADFF891B6603C90044A6D3 /* Main.storyboard in Resources */ = {isa = PBXBuildFile; fileRef = 04ADFF871B6603C90044A6D3 /* Main.storyboard */; };
		04ADFF8B1B6603CA0044A6D3 /* Images.xcassets in Resources */ = {isa = PBXBuildFile; fileRef = 04ADFF8A1B6603C90044A6D3 /* Images.xcassets */; };
		04ADFF8E1B6603CA0044A6D3 /* LaunchScreen.xib in Resources */ = {isa = PBXBuildFile; fileRef = 04ADFF8C1B6603CA0044A6D3 /* LaunchScreen.xib */; };
		04ADFF9A1B6603CA0044A6D3 /* MARA_PublisherTests.swift in Sources */ = {isa = PBXBuildFile; fileRef = 04ADFF991B6603CA0044A6D3 /* MARA_PublisherTests.swift */; };
		04ADFFA71B6604560044A6D3 /* AddMediaViewController.swift in Sources */ = {isa = PBXBuildFile; fileRef = 04ADFFA31B6604560044A6D3 /* AddMediaViewController.swift */; };
		04ADFFA81B6604560044A6D3 /* ImageTableViewController.swift in Sources */ = {isa = PBXBuildFile; fileRef = 04ADFFA41B6604560044A6D3 /* ImageTableViewController.swift */; };
		04ADFFA91B6604560044A6D3 /* RecordingTableViewController.swift in Sources */ = {isa = PBXBuildFile; fileRef = 04ADFFA51B6604560044A6D3 /* RecordingTableViewController.swift */; };
		04ADFFAA1B6604560044A6D3 /* VideoTableViewController.swift in Sources */ = {isa = PBXBuildFile; fileRef = 04ADFFA61B6604560044A6D3 /* VideoTableViewController.swift */; };
/* End PBXBuildFile section */

/* Begin PBXContainerItemProxy section */
		04ADFF941B6603CA0044A6D3 /* PBXContainerItemProxy */ = {
			isa = PBXContainerItemProxy;
			containerPortal = 04ADFF741B6603C90044A6D3 /* Project object */;
			proxyType = 1;
			remoteGlobalIDString = 04ADFF7B1B6603C90044A6D3;
			remoteInfo = "MARA Publisher";
		};
/* End PBXContainerItemProxy section */

/* Begin PBXFileReference section */
		04ADFF7C1B6603C90044A6D3 /* MARA Publisher.app */ = {isa = PBXFileReference; explicitFileType = wrapper.application; includeInIndex = 0; path = "MARA Publisher.app"; sourceTree = BUILT_PRODUCTS_DIR; };
		04ADFF801B6603C90044A6D3 /* Info.plist */ = {isa = PBXFileReference; lastKnownFileType = text.plist.xml; path = Info.plist; sourceTree = "<group>"; };
		04ADFF811B6603C90044A6D3 /* AppDelegate.swift */ = {isa = PBXFileReference; lastKnownFileType = sourcecode.swift; path = AppDelegate.swift; sourceTree = "<group>"; };
		04ADFF881B6603C90044A6D3 /* Base */ = {isa = PBXFileReference; lastKnownFileType = file.storyboard; name = Base; path = Base.lproj/Main.storyboard; sourceTree = "<group>"; };
		04ADFF8A1B6603C90044A6D3 /* Images.xcassets */ = {isa = PBXFileReference; lastKnownFileType = folder.assetcatalog; path = Images.xcassets; sourceTree = "<group>"; };
		04ADFF8D1B6603CA0044A6D3 /* Base */ = {isa = PBXFileReference; lastKnownFileType = file.xib; name = Base; path = Base.lproj/LaunchScreen.xib; sourceTree = "<group>"; };
		04ADFF931B6603CA0044A6D3 /* MARA PublisherTests.xctest */ = {isa = PBXFileReference; explicitFileType = wrapper.cfbundle; includeInIndex = 0; path = "MARA PublisherTests.xctest"; sourceTree = BUILT_PRODUCTS_DIR; };
		04ADFF981B6603CA0044A6D3 /* Info.plist */ = {isa = PBXFileReference; lastKnownFileType = text.plist.xml; path = Info.plist; sourceTree = "<group>"; };
		04ADFF991B6603CA0044A6D3 /* MARA_PublisherTests.swift */ = {isa = PBXFileReference; lastKnownFileType = sourcecode.swift; path = MARA_PublisherTests.swift; sourceTree = "<group>"; };
		04ADFFA31B6604560044A6D3 /* AddMediaViewController.swift */ = {isa = PBXFileReference; fileEncoding = 4; lastKnownFileType = sourcecode.swift; path = AddMediaViewController.swift; sourceTree = "<group>"; };
		04ADFFA41B6604560044A6D3 /* ImageTableViewController.swift */ = {isa = PBXFileReference; fileEncoding = 4; lastKnownFileType = sourcecode.swift; path = ImageTableViewController.swift; sourceTree = "<group>"; };
		04ADFFA51B6604560044A6D3 /* RecordingTableViewController.swift */ = {isa = PBXFileReference; fileEncoding = 4; lastKnownFileType = sourcecode.swift; path = RecordingTableViewController.swift; sourceTree = "<group>"; };
		04ADFFA61B6604560044A6D3 /* VideoTableViewController.swift */ = {isa = PBXFileReference; fileEncoding = 4; lastKnownFileType = sourcecode.swift; path = VideoTableViewController.swift; sourceTree = "<group>"; };
/* End PBXFileReference section */

/* Begin PBXFrameworksBuildPhase section */
		04ADFF791B6603C90044A6D3 /* Frameworks */ = {
			isa = PBXFrameworksBuildPhase;
			buildActionMask = 2147483647;
			files = (
			);
			runOnlyForDeploymentPostprocessing = 0;
		};
		04ADFF901B6603CA0044A6D3 /* Frameworks */ = {
			isa = PBXFrameworksBuildPhase;
			buildActionMask = 2147483647;
			files = (
			);
			runOnlyForDeploymentPostprocessing = 0;
		};
/* End PBXFrameworksBuildPhase section */

/* Begin PBXGroup section */
		04ADFF731B6603C90044A6D3 = {
			isa = PBXGroup;
			children = (
				04ADFF7E1B6603C90044A6D3 /* MARA Publisher */,
				04ADFF961B6603CA0044A6D3 /* MARA PublisherTests */,
				04ADFF7D1B6603C90044A6D3 /* Products */,
			);
			sourceTree = "<group>";
		};
		04ADFF7D1B6603C90044A6D3 /* Products */ = {
			isa = PBXGroup;
			children = (
				04ADFF7C1B6603C90044A6D3 /* MARA Publisher.app */,
				04ADFF931B6603CA0044A6D3 /* MARA PublisherTests.xctest */,
			);
			name = Products;
			sourceTree = "<group>";
		};
		04ADFF7E1B6603C90044A6D3 /* MARA Publisher */ = {
			isa = PBXGroup;
			children = (
				04ADFFA31B6604560044A6D3 /* AddMediaViewController.swift */,
				04ADFFA41B6604560044A6D3 /* ImageTableViewController.swift */,
				04ADFFA51B6604560044A6D3 /* RecordingTableViewController.swift */,
				04ADFFA61B6604560044A6D3 /* VideoTableViewController.swift */,
				04ADFF811B6603C90044A6D3 /* AppDelegate.swift */,
				04ADFF871B6603C90044A6D3 /* Main.storyboard */,
				04ADFF8A1B6603C90044A6D3 /* Images.xcassets */,
				04ADFF8C1B6603CA0044A6D3 /* LaunchScreen.xib */,
				04ADFF7F1B6603C90044A6D3 /* Supporting Files */,
			);
			path = "MARA Publisher";
			sourceTree = "<group>";
		};
		04ADFF7F1B6603C90044A6D3 /* Supporting Files */ = {
			isa = PBXGroup;
			children = (
				04ADFF801B6603C90044A6D3 /* Info.plist */,
			);
			name = "Supporting Files";
			sourceTree = "<group>";
		};
		04ADFF961B6603CA0044A6D3 /* MARA PublisherTests */ = {
			isa = PBXGroup;
			children = (
				04ADFF991B6603CA0044A6D3 /* MARA_PublisherTests.swift */,
				04ADFF971B6603CA0044A6D3 /* Supporting Files */,
			);
			path = "MARA PublisherTests";
			sourceTree = "<group>";
		};
		04ADFF971B6603CA0044A6D3 /* Supporting Files */ = {
			isa = PBXGroup;
			children = (
				04ADFF981B6603CA0044A6D3 /* Info.plist */,
			);
			name = "Supporting Files";
			sourceTree = "<group>";
		};
/* End PBXGroup section */

/* Begin PBXNativeTarget section */
		04ADFF7B1B6603C90044A6D3 /* MARA Publisher */ = {
			isa = PBXNativeTarget;
			buildConfigurationList = 04ADFF9D1B6603CA0044A6D3 /* Build configuration list for PBXNativeTarget "MARA Publisher" */;
			buildPhases = (
				04ADFF781B6603C90044A6D3 /* Sources */,
				04ADFF791B6603C90044A6D3 /* Frameworks */,
				04ADFF7A1B6603C90044A6D3 /* Resources */,
			);
			buildRules = (
			);
			dependencies = (
			);
			name = "MARA Publisher";
			productName = "MARA Publisher";
			productReference = 04ADFF7C1B6603C90044A6D3 /* MARA Publisher.app */;
			productType = "com.apple.product-type.application";
		};
		04ADFF921B6603CA0044A6D3 /* MARA PublisherTests */ = {
			isa = PBXNativeTarget;
			buildConfigurationList = 04ADFFA01B6603CA0044A6D3 /* Build configuration list for PBXNativeTarget "MARA PublisherTests" */;
			buildPhases = (
				04ADFF8F1B6603CA0044A6D3 /* Sources */,
				04ADFF901B6603CA0044A6D3 /* Frameworks */,
				04ADFF911B6603CA0044A6D3 /* Resources */,
			);
			buildRules = (
			);
			dependencies = (
				04ADFF951B6603CA0044A6D3 /* PBXTargetDependency */,
			);
			name = "MARA PublisherTests";
			productName = "MARA PublisherTests";
			productReference = 04ADFF931B6603CA0044A6D3 /* MARA PublisherTests.xctest */;
			productType = "com.apple.product-type.bundle.unit-test";
		};
/* End PBXNativeTarget section */

/* Begin PBXProject section */
		04ADFF741B6603C90044A6D3 /* Project object */ = {
			isa = PBXProject;
			attributes = {
				LastUpgradeCheck = 0640;
				ORGANIZATIONNAME = "Shree Raj Shrestha";
				TargetAttributes = {
					04ADFF7B1B6603C90044A6D3 = {
						CreatedOnToolsVersion = 6.4;
					};
					04ADFF921B6603CA0044A6D3 = {
						CreatedOnToolsVersion = 6.4;
						TestTargetID = 04ADFF7B1B6603C90044A6D3;
					};
				};
			};
			buildConfigurationList = 04ADFF771B6603C90044A6D3 /* Build configuration list for PBXProject "MARA Publisher" */;
			compatibilityVersion = "Xcode 6.3";
			developmentRegion = English;
			hasScannedForEncodings = 0;
			knownRegions = (
				en,
				Base,
			);
			mainGroup = 04ADFF731B6603C90044A6D3;
			productRefGroup = 04ADFF7D1B6603C90044A6D3 /* Products */;
			projectDirPath = "";
			projectRoot = "";
			targets = (
				04ADFF7B1B6603C90044A6D3 /* MARA Publisher */,
				04ADFF921B6603CA0044A6D3 /* MARA PublisherTests */,
			);
		};
/* End PBXProject section */

/* Begin PBXResourcesBuildPhase section */
		04ADFF7A1B6603C90044A6D3 /* Resources */ = {
			isa = PBXResourcesBuildPhase;
			buildActionMask = 2147483647;
			files = (
				04ADFF891B6603C90044A6D3 /* Main.storyboard in Resources */,
				04ADFF8E1B6603CA0044A6D3 /* LaunchScreen.xib in Resources */,
				04ADFF8B1B6603CA0044A6D3 /* Images.xcassets in Resources */,
			);
			runOnlyForDeploymentPostprocessing = 0;
		};
		04ADFF911B6603CA0044A6D3 /* Resources */ = {
			isa = PBXResourcesBuildPhase;
			buildActionMask = 2147483647;
			files = (
			);
			runOnlyForDeploymentPostprocessing = 0;
		};
/* End PBXResourcesBuildPhase section */

/* Begin PBXSourcesBuildPhase section */
		04ADFF781B6603C90044A6D3 /* Sources */ = {
			isa = PBXSourcesBuildPhase;
			buildActionMask = 2147483647;
			files = (
				04ADFF821B6603C90044A6D3 /* AppDelegate.swift in Sources */,
				04ADFFA91B6604560044A6D3 /* RecordingTableViewController.swift in Sources */,
				04ADFFAA1B6604560044A6D3 /* VideoTableViewController.swift in Sources */,
				04ADFFA81B6604560044A6D3 /* ImageTableViewController.swift in Sources */,
				04ADFFA71B6604560044A6D3 /* AddMediaViewController.swift in Sources */,
			);
			runOnlyForDeploymentPostprocessing = 0;
		};
		04ADFF8F1B6603CA0044A6D3 /* Sources */ = {
			isa = PBXSourcesBuildPhase;
			buildActionMask = 2147483647;
			files = (
				04ADFF9A1B6603CA0044A6D3 /* MARA_PublisherTests.swift in Sources */,
			);
			runOnlyForDeploymentPostprocessing = 0;
		};
/* End PBXSourcesBuildPhase section */

/* Begin PBXTargetDependency section */
		04ADFF951B6603CA0044A6D3 /* PBXTargetDependency */ = {
			isa = PBXTargetDependency;
			target = 04ADFF7B1B6603C90044A6D3 /* MARA Publisher */;
			targetProxy = 04ADFF941B6603CA0044A6D3 /* PBXContainerItemProxy */;
		};
/* End PBXTargetDependency section */

/* Begin PBXVariantGroup section */
		04ADFF871B6603C90044A6D3 /* Main.storyboard */ = {
			isa = PBXVariantGroup;
			children = (
				04ADFF881B6603C90044A6D3 /* Base */,
			);
			name = Main.storyboard;
			sourceTree = "<group>";
		};
		04ADFF8C1B6603CA0044A6D3 /* LaunchScreen.xib */ = {
			isa = PBXVariantGroup;
			children = (
				04ADFF8D1B6603CA0044A6D3 /* Base */,
			);
			name = LaunchScreen.xib;
			sourceTree = "<group>";
		};
/* End PBXVariantGroup section */

/* Begin XCBuildConfiguration section */
		04ADFF9B1B6603CA0044A6D3 /* Debug */ = {
			isa = XCBuildConfiguration;
			buildSettings = {
				ALWAYS_SEARCH_USER_PATHS = NO;
				CLANG_CXX_LANGUAGE_STANDARD = "gnu++0x";
				CLANG_CXX_LIBRARY = "libc++";
				CLANG_ENABLE_MODULES = YES;
				CLANG_ENABLE_OBJC_ARC = YES;
				CLANG_WARN_BOOL_CONVERSION = YES;
				CLANG_WARN_CONSTANT_CONVERSION = YES;
				CLANG_WARN_DIRECT_OBJC_ISA_USAGE = YES_ERROR;
				CLANG_WARN_EMPTY_BODY = YES;
				CLANG_WARN_ENUM_CONVERSION = YES;
				CLANG_WARN_INT_CONVERSION = YES;
				CLANG_WARN_OBJC_ROOT_CLASS = YES_ERROR;
				CLANG_WARN_UNREACHABLE_CODE = YES;
				CLANG_WARN__DUPLICATE_METHOD_MATCH = YES;
				"CODE_SIGN_IDENTITY[sdk=iphoneos*]" = "iPhone Developer";
				COPY_PHASE_STRIP = NO;
				DEBUG_INFORMATION_FORMAT = "dwarf-with-dsym";
				ENABLE_STRICT_OBJC_MSGSEND = YES;
				GCC_C_LANGUAGE_STANDARD = gnu99;
				GCC_DYNAMIC_NO_PIC = NO;
				GCC_NO_COMMON_BLOCKS = YES;
				GCC_OPTIMIZATION_LEVEL = 0;
				GCC_PREPROCESSOR_DEFINITIONS = (
					"DEBUG=1",
					"$(inherited)",
				);
				GCC_SYMBOLS_PRIVATE_EXTERN = NO;
				GCC_WARN_64_TO_32_BIT_CONVERSION = YES;
				GCC_WARN_ABOUT_RETURN_TYPE = YES_ERROR;
				GCC_WARN_UNDECLARED_SELECTOR = YES;
				GCC_WARN_UNINITIALIZED_AUTOS = YES_AGGRESSIVE;
				GCC_WARN_UNUSED_FUNCTION = YES;
				GCC_WARN_UNUSED_VARIABLE = YES;
				IPHONEOS_DEPLOYMENT_TARGET = 8.4;
				MTL_ENABLE_DEBUG_INFO = YES;
				ONLY_ACTIVE_ARCH = YES;
				SDKROOT = iphoneos;
				SWIFT_OPTIMIZATION_LEVEL = "-Onone";
				TARGETED_DEVICE_FAMILY = "1,2";
			};
			name = Debug;
		};
		04ADFF9C1B6603CA0044A6D3 /* Release */ = {
			isa = XCBuildConfiguration;
			buildSettings = {
				ALWAYS_SEARCH_USER_PATHS = NO;
				CLANG_CXX_LANGUAGE_STANDARD = "gnu++0x";
				CLANG_CXX_LIBRARY = "libc++";
				CLANG_ENABLE_MODULES = YES;
				CLANG_ENABLE_OBJC_ARC = YES;
				CLANG_WARN_BOOL_CONVERSION = YES;
				CLANG_WARN_CONSTANT_CONVERSION = YES;
				CLANG_WARN_DIRECT_OBJC_ISA_USAGE = YES_ERROR;
				CLANG_WARN_EMPTY_BODY = YES;
				CLANG_WARN_ENUM_CONVERSION = YES;
				CLANG_WARN_INT_CONVERSION = YES;
				CLANG_WARN_OBJC_ROOT_CLASS = YES_ERROR;
				CLANG_WARN_UNREACHABLE_CODE = YES;
				CLANG_WARN__DUPLICATE_METHOD_MATCH = YES;
				"CODE_SIGN_IDENTITY[sdk=iphoneos*]" = "iPhone Developer";
				COPY_PHASE_STRIP = NO;
				DEBUG_INFORMATION_FORMAT = "dwarf-with-dsym";
				ENABLE_NS_ASSERTIONS = NO;
				ENABLE_STRICT_OBJC_MSGSEND = YES;
				GCC_C_LANGUAGE_STANDARD = gnu99;
				GCC_NO_COMMON_BLOCKS = YES;
				GCC_WARN_64_TO_32_BIT_CONVERSION = YES;
				GCC_WARN_ABOUT_RETURN_TYPE = YES_ERROR;
				GCC_WARN_UNDECLARED_SELECTOR = YES;
				GCC_WARN_UNINITIALIZED_AUTOS = YES_AGGRESSIVE;
				GCC_WARN_UNUSED_FUNCTION = YES;
				GCC_WARN_UNUSED_VARIABLE = YES;
				IPHONEOS_DEPLOYMENT_TARGET = 8.4;
				MTL_ENABLE_DEBUG_INFO = NO;
				SDKROOT = iphoneos;
				TARGETED_DEVICE_FAMILY = "1,2";
				VALIDATE_PRODUCT = YES;
			};
			name = Release;
		};
		04ADFF9E1B6603CA0044A6D3 /* Debug */ = {
			isa = XCBuildConfiguration;
			buildSettings = {
				ASSETCATALOG_COMPILER_APPICON_NAME = AppIcon;
				INFOPLIST_FILE = "MARA Publisher/Info.plist";
				IPHONEOS_DEPLOYMENT_TARGET = 8.4;
				LD_RUNPATH_SEARCH_PATHS = "$(inherited) @executable_path/Frameworks";
				PRODUCT_NAME = "$(TARGET_NAME)";
			};
			name = Debug;
		};
		04ADFF9F1B6603CA0044A6D3 /* Release */ = {
			isa = XCBuildConfiguration;
			buildSettings = {
				ASSETCATALOG_COMPILER_APPICON_NAME = AppIcon;
				INFOPLIST_FILE = "MARA Publisher/Info.plist";
				IPHONEOS_DEPLOYMENT_TARGET = 8.4;
				LD_RUNPATH_SEARCH_PATHS = "$(inherited) @executable_path/Frameworks";
				PRODUCT_NAME = "$(TARGET_NAME)";
			};
			name = Release;
		};
		04ADFFA11B6603CA0044A6D3 /* Debug */ = {
			isa = XCBuildConfiguration;
			buildSettings = {
				BUNDLE_LOADER = "$(TEST_HOST)";
				FRAMEWORK_SEARCH_PATHS = (
					"$(SDKROOT)/Developer/Library/Frameworks",
					"$(inherited)",
				);
				GCC_PREPROCESSOR_DEFINITIONS = (
					"DEBUG=1",
					"$(inherited)",
				);
				INFOPLIST_FILE = "MARA PublisherTests/Info.plist";
				LD_RUNPATH_SEARCH_PATHS = "$(inherited) @executable_path/Frameworks @loader_path/Frameworks";
				PRODUCT_NAME = "$(TARGET_NAME)";
				TEST_HOST = "$(BUILT_PRODUCTS_DIR)/MARA Publisher.app/MARA Publisher";
			};
			name = Debug;
		};
		04ADFFA21B6603CA0044A6D3 /* Release */ = {
			isa = XCBuildConfiguration;
			buildSettings = {
				BUNDLE_LOADER = "$(TEST_HOST)";
				FRAMEWORK_SEARCH_PATHS = (
					"$(SDKROOT)/Developer/Library/Frameworks",
					"$(inherited)",
				);
				INFOPLIST_FILE = "MARA PublisherTests/Info.plist";
				LD_RUNPATH_SEARCH_PATHS = "$(inherited) @executable_path/Frameworks @loader_path/Frameworks";
				PRODUCT_NAME = "$(TARGET_NAME)";
				TEST_HOST = "$(BUILT_PRODUCTS_DIR)/MARA Publisher.app/MARA Publisher";
			};
			name = Release;
		};
/* End XCBuildConfiguration section */

/* Begin XCConfigurationList section */
		04ADFF771B6603C90044A6D3 /* Build configuration list for PBXProject "MARA Publisher" */ = {
			isa = XCConfigurationList;
			buildConfigurations = (
				04ADFF9B1B6603CA0044A6D3 /* Debug */,
				04ADFF9C1B6603CA0044A6D3 /* Release */,
			);
			defaultConfigurationIsVisible = 0;
			defaultConfigurationName = Release;
		};
		04ADFF9D1B6603CA0044A6D3 /* Build configuration list for PBXNativeTarget "MARA Publisher" */ = {
			isa = XCConfigurationList;
			buildConfigurations = (
				04ADFF9E1B6603CA0044A6D3 /* Debug */,
				04ADFF9F1B6603CA0044A6D3 /* Release */,
			);
			defaultConfigurationIsVisible = 0;
			defaultConfigurationName = Release;
		};
		04ADFFA01B6603CA0044A6D3 /* Build configuration list for PBXNativeTarget "MARA PublisherTests" */ = {
			isa = XCConfigurationList;
			buildConfigurations = (
				04ADFFA11B6603CA0044A6D3 /* Debug */,
				04ADFFA21B6603CA0044A6D3 /* Release */,
			);
			defaultConfigurationIsVisible = 0;
			defaultConfigurationName = Release;
		};
/* End XCConfigurationList section */
	};
	rootObject = 04ADFF741B6603C90044A6D3 /* Project object */;
}
